
Microsoft Visual Studio Solution File, Format Version 12.00
# Visual Studio Version 16
VisualStudioVersion = 16.0.31515.178
MinimumVisualStudioVersion = 10.0.40219.1
Project("{FAE04EC0-301F-11D3-BF4B-00C04F79EFBC}") = "TXTConverter", "TXTConverter\TXTConverter.csproj", "{66964D8F-2851-4C24-AD3F-DA2C693E98D8}"
EndProject
Global
	GlobalSection(SolutionConfigurationPlatforms) = preSolution
		Debug|Any CPU = Debug|Any CPU
		Release|Any CPU = Release|Any CPU
	EndGlobalSection
	GlobalSection(ProjectConfigurationPlatforms) = postSolution
		{66964D8F-2851-4C24-AD3F-DA2C693E98D8}.Debug|Any CPU.ActiveCfg = Debug|Any CPU
		{66964D8F-2851-4C24-AD3F-DA2C693E98D8}.Debug|Any CPU.Build.0 = Debug|Any CPU
		{66964D8F-2851-4C24-AD3F-DA2C693E98D8}.Release|Any CPU.ActiveCfg = Release|Any CPU
		{66964D8F-2851-4C24-AD3F-DA2C693E98D8}.Release|Any CPU.Build.0 = Release|Any CPU
	EndGlobalSection
	GlobalSection(SolutionProperties) = preSolution
		HideSolutionNode = FALSE
	EndGlobalSection
	GlobalSection(ExtensibilityGlobals) = postSolution
		SolutionGuid = {3B4561DC-D604-407B-BCD9-20165484E487}
	EndGlobalSection
EndGlobal
